{
  "name": "dsh-codex-sync",
  "version": "1.6.1",
  "lockfileVersion": 3,
  "requires": true,
  "packages": {
    "": {
      "name": "dsh-codex-sync",
      "version": "1.6.1",
      "license": "MIT",
      "bin": {
        "dsh-codex-sync": "bin/dsh-codex-sync.js"
      },
      "devDependencies": {
        "@deepseek-ai/cordis": "^4.0.1",
        "@deepseek-ai/dsh-session-format-catalog": "0.1.7-rc.2",
        "@deepseek-ai/dsh-session-format-v0-to-v1": "0.1.7-rc.2",
        "@deepseek-ai/dsh-session-format-v1-to-v2": "0.1.7-rc.2",
        "@deepseek-ai/dsh-session-format-v2-to-v3": "0.1.7-rc.2",
        "@deepseek-ai/dsh-session-format-v3-to-v4": "0.1.7-rc.2",
        "react": "^18.3.1",
        "react-dom": "^18.3.1"
      },
      "engines": {
        "node": ">=20"
      },
      "peerDependencies": {
        "@deepseek-ai/cordis": "^4.0.1",
        "@deepseek-ai/dsh-mcp-client": "^0.0.1-rc.1 || 0.2.0-rc.2"
      },
      "peerDependenciesMeta": {
        "@deepseek-ai/dsh-mcp-client": {
          "optional": true
        }
      }
    },
    "node_modules/@deepseek-ai/cordis": {
      "version": "4.0.4",
      "resolved": "https://registry.npmjs.org/@deepseek-ai/cordis/-/cordis-4.0.4.tgz",
      "integrity": "sha512-obgyxqWAmFn3Re8kvsuUnyW+ihrz6eJCnJO4fh1cQzDtmPYz/zzVeUkH9R94I0OwSVOocK67Kgakm04j/oQXzg==",
      "dev": true,
      "license": "MIT",
      "dependencies": {
        "@deepseek-ai/cosmokit": "~1.8.5",
        "@standard-schema/spec": "^1.1.0"
      },
      "bin": {
        "cordis": "bin.js"
      },
      "peerDependencies": {
        "@deepseek-ai/cordis-plugin-include": "~1.0.9",
        "@deepseek-ai/cordis-plugin-loader": "~1.0.5"
      },
      "peerDependenciesMeta": {
        "@deepseek-ai/cordis-plugin-include": {
          "optional": true
        },
        "@deepseek-ai/cordis-plugin-loader": {
          "optional": true
        }
      }
    },
    "node_modules/@deepseek-ai/cosmokit": {
      "version": "1.8.5",
      "resolved": "https://registry.npmjs.org/@deepseek-ai/cosmokit/-/cosmokit-1.8.5.tgz",
      "integrity": "sha512-LXsrlem9z8dq4sLflj2yuCuYX7KqhdzF5hZly3eZyuTo8d6oDSOXuEgC5DbQWKW+lksm6zmOutQLsP/ma6wR6A==",
      "dev": true,
      "license": "MIT"
    },
    "node_modules/@deepseek-ai/dsh-agent": {
      "version": "0.1.7-rc.2",
      "resolved": "https://registry.npmjs.org/@deepseek-ai/dsh-agent/-/dsh-agent-0.1.7-rc.2.tgz",
      "integrity": "sha512-9U/zHZvZqRR5S2FD9fjjAuoMh+WfDan+bE/cLBLSLpqftjZ0FhIlEBK99yonUkNkGemyHiH/lL3jCKYw35ahJA==",
      "dev": true,
      "license": "MIT",
      "peer": true,
      "peerDependencies": {
        "@deepseek-ai/cordis": "~4.0.4",
        "@deepseek-ai/dsh-invariants": "0.1.7-rc.2",
        "@deepseek-ai/dsh-llm": "0.1.7-rc.2",
        "@deepseek-ai/dsh-scope": "0.1.7-rc.2",
        "@deepseek-ai/dsh-session": "0.1.7-rc.2",
        "@deepseek-ai/dsh-session-projection": "0.1.7-rc.2",
        "@deepseek-ai/dsh-system-prompt": "0.1.7-rc.2",
        "@deepseek-ai/dsh-typert-protocol": "0.1.7-rc.2",
        "@deepseek-ai/dsh-util-values": "0.1.7-rc.2",
        "@deepseek-ai/dsh-workspace": "0.1.7-rc.2"
      },
      "peerDependenciesMeta": {
        "@deepseek-ai/dsh-workspace": {
          "optional": true
        }
      }
    },
    "node_modules/@deepseek-ai/dsh-attachment": {
      "version": "0.1.7-rc.2",
      "resolved": "https://registry.npmjs.org/@deepseek-ai/dsh-attachment/-/dsh-attachment-0.1.7-rc.2.tgz",
      "integrity": "sha512-g2SQ12Ki1l28T/H+fZKtSWDFF5Y1gavcKVBb2X4eOVX5uT5Jwumx+9Svelp1pHaknuAE1N2Yt9tMwj2quMkhDg==",
      "dev": true,
      "license": "MIT",
      "peer": true,
      "peerDependencies": {
        "@deepseek-ai/cordis": "~4.0.4",
        "@deepseek-ai/dsh-brand": "0.1.7-rc.2"
      }
    },
    "node_modules/@deepseek-ai/dsh-brand": {
      "version": "0.1.7-rc.2",
      "resolved": "https://registry.npmjs.org/@deepseek-ai/dsh-brand/-/dsh-brand-0.1.7-rc.2.tgz",
      "integrity": "sha512-cvcvlNRuiFqZNNqyxdu7wcpiBjd9xa/0MpuhRvee43zBp9uED2p5JolZr5/2EKJf57gYx9k9bedb+Zbyiqnpkw==",
      "dev": true,
      "license": "MIT",
      "peerDependencies": {
        "@deepseek-ai/cordis": "~4.0.4"
      }
    },
    "node_modules/@deepseek-ai/dsh-commands": {
      "version": "0.1.7-rc.2",
      "resolved": "https://registry.npmjs.org/@deepseek-ai/dsh-commands/-/dsh-commands-0.1.7-rc.2.tgz",
      "integrity": "sha512-wVAHwHNDLDNBKXJZU2rHnwc+e3mhi6EuazAfJmqtbzU/ldQVEoJ9f5eXqesBcdQbRIrWQlpjfjdlw3nCJfK2HQ==",
      "dev": true,
      "license": "MIT",
      "peer": true,
      "dependencies": {
        "@deepseek-ai/dsh-util-crypto": "0.1.7-rc.2",
        "zod": "^4.4.3"
      },
      "peerDependencies": {
        "@deepseek-ai/cordis": "~4.0.4",
        "@deepseek-ai/dsh-agent": "0.1.7-rc.2",
        "@deepseek-ai/dsh-attachment": "0.1.7-rc.2",
        "@deepseek-ai/dsh-brand": "0.1.7-rc.2",
        "@deepseek-ai/dsh-invariants": "0.1.7-rc.2",
        "@deepseek-ai/dsh-llm": "0.1.7-rc.2",
        "@deepseek-ai/dsh-scope": "0.1.7-rc.2",
        "@deepseek-ai/dsh-session": "0.1.7-rc.2",
        "@deepseek-ai/dsh-typert-protocol": "0.1.7-rc.2"
      }
    },
    "node_modules/@deepseek-ai/dsh-compaction": {
      "version": "0.1.7-rc.2",
      "resolved": "https://registry.npmjs.org/@deepseek-ai/dsh-compaction/-/dsh-compaction-0.1.7-rc.2.tgz",
      "integrity": "sha512-NOrFYDM6EdvO+UBioNcpiZ+Klv5v2xvOxLXDWKtA0rjKKW8IvW7Rui2hBnOpchsWe5So5vwBvu4lNjTdl5/2CA==",
      "dev": true,
      "license": "MIT",
      "peer": true,
      "peerDependencies": {
        "@deepseek-ai/cordis": "~4.0.4",
        "@deepseek-ai/dsh-brand": "0.1.7-rc.2",
        "@deepseek-ai/dsh-commands": "0.1.7-rc.2",
        "@deepseek-ai/dsh-invariants": "0.1.7-rc.2",
        "@deepseek-ai/dsh-llm": "0.1.7-rc.2",
        "@deepseek-ai/dsh-session": "0.1.7-rc.2"
      }
    },
    "node_modules/@deepseek-ai/dsh-compaction-image-offload": {
      "version": "0.1.7-rc.2",
      "resolved": "https://registry.npmjs.org/@deepseek-ai/dsh-compaction-image-offload/-/dsh-compaction-image-offload-0.1.7-rc.2.tgz",
      "integrity": "sha512-IraXZq6uR88RbJcxkK7vfDViIB4WCxm8Kf9s43VWoias9Tr//w0s8oHZWTfNuy8kVgpw4cBze6DeExZooMALrw==",
      "dev": true,
      "license": "MIT",
      "dependencies": {
        "@deepseek-ai/dsh-util-values": "0.1.7-rc.2"
      },
      "peerDependencies": {
        "@deepseek-ai/cordis": "~4.0.4",
        "@deepseek-ai/dsh-agent": "0.1.7-rc.2",
        "@deepseek-ai/dsh-compaction": "0.1.7-rc.2",
        "@deepseek-ai/dsh-llm": "0.1.7-rc.2",
        "@deepseek-ai/dsh-session": "0.1.7-rc.2"
      }
    },
    "node_modules/@deepseek-ai/dsh-invariants": {
      "version": "0.1.7-rc.2",
      "resolved": "https://registry.npmjs.org/@deepseek-ai/dsh-invariants/-/dsh-invariants-0.1.7-rc.2.tgz",
      "integrity": "sha512-GY2lY2TUUH2Qk1ZnrB3Q5+lXSh4webn1kbt5nQfhojVmNbist/f3dJC8JJa7XXOUNvqAgqRN9IZ4egbDZ9LLxQ==",
      "dev": true,
      "license": "MIT",
      "peer": true,
      "dependencies": {
        "@deepseek-ai/schemastery": "~3.18.4"
      },
      "peerDependencies": {
        "@deepseek-ai/cordis": "~4.0.4"
      }
    },
    "node_modules/@deepseek-ai/dsh-llm": {
      "version": "0.1.7-rc.2",
      "resolved": "https://registry.npmjs.org/@deepseek-ai/dsh-llm/-/dsh-llm-0.1.7-rc.2.tgz",
      "integrity": "sha512-hNT3ovFnbNDQ8g544bh2Q9ORX40aI6Y+jhjer1lETeHS4g0jTjqUUVfARCTA7uAFvHucSBg2rFgbisIktmJCxw==",
      "dev": true,
      "license": "MIT",
      "dependencies": {
        "@deepseek-ai/dsh-brand": "0.1.7-rc.2",
        "@deepseek-ai/dsh-timeout": "0.1.7-rc.2",
        "@deepseek-ai/dsh-typert-protocol": "0.1.7-rc.2",
        "@deepseek-ai/dsh-util-crypto": "0.1.7-rc.2",
        "@deepseek-ai/dsh-util-values": "0.1.7-rc.2",
        "@deepseek-ai/schemastery": "~3.18.4",
        "zod": "^4.4.3"
      },
      "peerDependencies": {
        "@deepseek-ai/cordis": "~4.0.4"
      }
    },
    "node_modules/@deepseek-ai/dsh-scope": {
      "version": "0.1.7-rc.2",
      "resolved": "https://registry.npmjs.org/@deepseek-ai/dsh-scope/-/dsh-scope-0.1.7-rc.2.tgz",
      "integrity": "sha512-rk/OM5ej6/V8pCNczEqQ3BkKx3DuPeFGzNUsEZo8hF+tnkF/EhsxMWSXC/yP/uLKeNkSsVHzjFpaQR0qr0J3gQ==",
      "dev": true,
      "license": "MIT",
      "peer": true,
      "peerDependencies": {
        "@deepseek-ai/cordis": "~4.0.4",
        "@deepseek-ai/dsh-invariants": "0.1.7-rc.2"
      }
    },
    "node_modules/@deepseek-ai/dsh-session": {
      "version": "0.1.7-rc.2",
      "resolved": "https://registry.npmjs.org/@deepseek-ai/dsh-session/-/dsh-session-0.1.7-rc.2.tgz",
      "integrity": "sha512-0dXv1t4Zox/yHkZ4PfPNSBWJfIc72PDqOvjz43EMoHpbmoKTVpit2UpUI+yTtX01e4MVBbDMxBZ95oJW/Oydnw==",
      "dev": true,
      "license": "MIT",
      "peer": true,
      "dependencies": {
        "@deepseek-ai/dsh-brand": "0.1.7-rc.2",
        "@deepseek-ai/dsh-llm": "0.1.7-rc.2",
        "@deepseek-ai/dsh-util-values": "0.1.7-rc.2"
      },
      "peerDependencies": {
        "@deepseek-ai/cordis": "~4.0.4",
        "@deepseek-ai/dsh-scope": "0.1.7-rc.2"
      }
    },
    "node_modules/@deepseek-ai/dsh-session-format": {
      "version": "0.1.7-rc.2",
      "resolved": "https://registry.npmjs.org/@deepseek-ai/dsh-session-format/-/dsh-session-format-0.1.7-rc.2.tgz",
      "integrity": "sha512-ayk2VoX3r7m8U9rVc+F70qx76Eq3Mi3ToLySi29hDZPFLy8ujjSOO5LVCC1xmon8uukfcnScvElNPoP/mKTkBg==",
      "dev": true,
      "license": "MIT",
      "dependencies": {
        "@deepseek-ai/dsh-util-values": "0.1.7-rc.2"
      },
      "peerDependencies": {
        "@deepseek-ai/cordis": "~4.0.4"
      }
    },
    "node_modules/@deepseek-ai/dsh-session-format-catalog": {
      "version": "0.1.7-rc.2",
      "resolved": "https://registry.npmjs.org/@deepseek-ai/dsh-session-format-catalog/-/dsh-session-format-catalog-0.1.7-rc.2.tgz",
      "integrity": "sha512-PMwm6M713ZWMqV0NVRFGeP0eYoBBCe0n4l5k8g1sRI+e2wD5xVoTEn8ZduG0vxnrVrGneJRDPQjZ4TiMi/fgDw==",
      "dev": true,
      "license": "MIT",
      "dependencies": {
        "@deepseek-ai/dsh-compaction-image-offload": "0.1.7-rc.2",
        "@deepseek-ai/dsh-session-format": "0.1.7-rc.2",
        "@deepseek-ai/dsh-session-format-v0-to-v1": "0.1.7-rc.2",
        "@deepseek-ai/dsh-session-format-v1-to-v2": "0.1.7-rc.2",
        "@deepseek-ai/dsh-session-format-v2-to-v3": "0.1.7-rc.2",
        "@deepseek-ai/dsh-session-format-v3-to-v4": "0.1.7-rc.2"
      },
      "peerDependencies": {
        "@deepseek-ai/cordis": "~4.0.4",
        "@deepseek-ai/dsh-session": "0.1.7-rc.2"
      }
    },
    "node_modules/@deepseek-ai/dsh-session-format-v0-to-v1": {
      "version": "0.1.7-rc.2",
      "resolved": "https://registry.npmjs.org/@deepseek-ai/dsh-session-format-v0-to-v1/-/dsh-session-format-v0-to-v1-0.1.7-rc.2.tgz",
      "integrity": "sha512-2JjUnl5+00N8/eda1s47VXP8wEl0HFqLRKk3MgEcRb6PEH3NH3Mvxb6jmkF6EeH0mMLLvzYHbpfDazOhECkXRg==",
      "dev": true,
      "license": "MIT",
      "dependencies": {
        "@deepseek-ai/dsh-session-format": "0.1.7-rc.2",
        "@deepseek-ai/dsh-util-values": "0.1.7-rc.2"
      },
      "peerDependencies": {
        "@deepseek-ai/cordis": "~4.0.4"
      }
    },
    "node_modules/@deepseek-ai/dsh-session-format-v1-to-v2": {
      "version": "0.1.7-rc.2",
      "resolved": "https://registry.npmjs.org/@deepseek-ai/dsh-session-format-v1-to-v2/-/dsh-session-format-v1-to-v2-0.1.7-rc.2.tgz",
      "integrity": "sha512-a7Rsv7z2zeIyWpwRWkdtbi1T8r9zBGvbcoQVQEPpmpMFH9qu5hZmzYUGNFS1qRW5KW2cZoOU+qRxHwRoKI0dcQ==",
      "dev": true,
      "license": "MIT",
      "dependencies": {
        "@deepseek-ai/dsh-llm": "0.1.7-rc.2",
        "@deepseek-ai/dsh-session-format": "0.1.7-rc.2",
        "@deepseek-ai/dsh-session-format-v0-to-v1": "0.1.7-rc.2",
        "@deepseek-ai/dsh-util-values": "0.1.7-rc.2"
      },
      "peerDependencies": {
        "@deepseek-ai/cordis": "~4.0.4"
      }
    },
    "node_modules/@deepseek-ai/dsh-session-format-v2-to-v3": {
      "version": "0.1.7-rc.2",
      "resolved": "https://registry.npmjs.org/@deepseek-ai/dsh-session-format-v2-to-v3/-/dsh-session-format-v2-to-v3-0.1.7-rc.2.tgz",
      "integrity": "sha512-che+x4X57f4MPWYWjj3UkcDs4qU0sQspUvy0Ie8w+iMFPkH0C7f/629l6ubZXRFrGF/k6djbyLR/NYH7nArZaA==",
      "dev": true,
      "license": "MIT",
      "dependencies": {
        "@deepseek-ai/dsh-session-format": "0.1.7-rc.2",
        "@deepseek-ai/dsh-session-format-v0-to-v1": "0.1.7-rc.2",
        "@deepseek-ai/dsh-session-format-v1-to-v2": "0.1.7-rc.2"
      },
      "peerDependencies": {
        "@deepseek-ai/cordis": "~4.0.4"
      }
    },
    "node_modules/@deepseek-ai/dsh-session-format-v3-to-v4": {
      "version": "0.1.7-rc.2",
      "resolved": "https://registry.npmjs.org/@deepseek-ai/dsh-session-format-v3-to-v4/-/dsh-session-format-v3-to-v4-0.1.7-rc.2.tgz",
      "integrity": "sha512-PpGsFntVbc6HEnIlTRMluk55YPAFGmbz7SSyYMXDaz7N+jzWTa54AuMg9gUthHxPwZyj7KF2QtJAJnSQ2+GPGw==",
      "dev": true,
      "license": "MIT",
      "dependencies": {
        "@deepseek-ai/dsh-session-format": "0.1.7-rc.2",
        "@deepseek-ai/dsh-session-format-v2-to-v3": "0.1.7-rc.2"
      },
      "peerDependencies": {
        "@deepseek-ai/cordis": "~4.0.4"
      }
    },
    "node_modules/@deepseek-ai/dsh-session-projection": {
      "version": "0.1.7-rc.2",
      "resolved": "https://registry.npmjs.org/@deepseek-ai/dsh-session-projection/-/dsh-session-projection-0.1.7-rc.2.tgz",
      "integrity": "sha512-s5T8oHBEh+GeOTJ+wehD4CGZkTiWgczZZA+NDbfbqUO0k5L+dk0kk3fN+/srAg77rhR7UeeDSR8ZNcpYx/VUdw==",
      "dev": true,
      "license": "MIT",
      "peer": true,
      "dependencies": {
        "zod": "^4.4.3"
      },
      "peerDependencies": {
        "@deepseek-ai/cordis": "~4.0.4",
        "@deepseek-ai/dsh-session": "0.1.7-rc.2"
      }
    },
    "node_modules/@deepseek-ai/dsh-system-prompt": {
      "version": "0.1.7-rc.2",
      "resolved": "https://registry.npmjs.org/@deepseek-ai/dsh-system-prompt/-/dsh-system-prompt-0.1.7-rc.2.tgz",
      "integrity": "sha512-vxKcADh7XOuWJOfa0WeEOhvFiUbMOdoK4w6M7KVCI0S99c9ktxrgY4wKdmAxap+nQjwTEPme3QuOlY3Na+cz9w==",
      "dev": true,
      "license": "MIT",
      "peer": true,
      "dependencies": {
        "@deepseek-ai/schemastery": "~3.18.4"
      },
      "peerDependencies": {
        "@deepseek-ai/cordis": "~4.0.4",
        "@deepseek-ai/dsh-invariants": "0.1.7-rc.2",
        "@deepseek-ai/dsh-llm": "0.1.7-rc.2",
        "@deepseek-ai/dsh-scope": "0.1.7-rc.2"
      }
    },
    "node_modules/@deepseek-ai/dsh-timeout": {
      "version": "0.1.7-rc.2",
      "resolved": "https://registry.npmjs.org/@deepseek-ai/dsh-timeout/-/dsh-timeout-0.1.7-rc.2.tgz",
      "integrity": "sha512-YunLoLZSF8Ld9eYwyvKoBnxgy3GZrIQpw98HfFS15ZfZlqcFiZcchFhYmStLtUbtX+gjhoeXc8Xz913YbVifNA==",
      "dev": true,
      "license": "MIT",
      "peerDependencies": {
        "@deepseek-ai/cordis": "~4.0.4"
      }
    },
    "node_modules/@deepseek-ai/dsh-typert-protocol": {
      "version": "0.1.7-rc.2",
      "resolved": "https://registry.npmjs.org/@deepseek-ai/dsh-typert-protocol/-/dsh-typert-protocol-0.1.7-rc.2.tgz",
      "integrity": "sha512-oJm03zqMQlvt16Ejw7VWy3/gqlJGrBCZj3Z4KL8ydLJeeTToKIR49WVCxMbJTlH0F9QFljruLtHguA5B99AeUQ==",
      "dev": true,
      "license": "MIT",
      "dependencies": {
        "@deepseek-ai/dsh-brand": "0.1.7-rc.2"
      },
      "peerDependencies": {
        "@deepseek-ai/cordis": "~4.0.4"
      }
    },
    "node_modules/@deepseek-ai/dsh-util-crypto": {
      "version": "0.1.7-rc.2",
      "resolved": "https://registry.npmjs.org/@deepseek-ai/dsh-util-crypto/-/dsh-util-crypto-0.1.7-rc.2.tgz",
      "integrity": "sha512-BGc55/bSj/1LcDTQ5fpok4U24X9SFyN+TB23/hBlbe2TBUKVuwO8+X5FFKKje2MLO8PWYEDkXv/LrV6jRVKZEg==",
      "dev": true,
      "license": "MIT",
      "peerDependencies": {
        "@deepseek-ai/cordis": "~4.0.4"
      }
    },
    "node_modules/@deepseek-ai/dsh-util-values": {
      "version": "0.1.7-rc.2",
      "resolved": "https://registry.npmjs.org/@deepseek-ai/dsh-util-values/-/dsh-util-values-0.1.7-rc.2.tgz",
      "integrity": "sha512-UX8nh5SbtZcPVVEvjd+9PCPcbybA6OpVzJGgFxYn59ao/7QQGyYbByS8KXr+THU5JtqmDDVb9xGUSJaF2IYmeQ==",
      "dev": true,
      "license": "MIT",
      "peerDependencies": {
        "@deepseek-ai/cordis": "~4.0.4"
      }
    },
    "node_modules/@deepseek-ai/schemastery": {
      "version": "3.18.4",
      "resolved": "https://registry.npmjs.org/@deepseek-ai/schemastery/-/schemastery-3.18.4.tgz",
      "integrity": "sha512-SSXO6tYuyrIqKVbmOnIq0s+riUywYzouFMcnBluHF9n4KMo2G8HvEzhCYj6pj2617/glOjbJuVInJ9hfONsjkg==",
      "dev": true,
      "license": "MIT",
      "dependencies": {
        "@deepseek-ai/cosmokit": "~1.8.5",
        "@standard-schema/spec": "^1.1.0"
      }
    },
    "node_modules/@standard-schema/spec": {
      "version": "1.1.0",
      "resolved": "https://registry.npmjs.org/@standard-schema/spec/-/spec-1.1.0.tgz",
      "integrity": "sha512-l2aFy5jALhniG5HgqrD6jXLi/rUWrKvqN/qJx6yoJsgKhblVd+iqqU4RCXavm/jPityDo5TCvKMnpjKnOriy0w==",
      "dev": true,
      "license": "MIT"
    },
    "node_modules/js-tokens": {
      "version": "4.0.0",
      "resolved": "https://registry.npmjs.org/js-tokens/-/js-tokens-4.0.0.tgz",
      "integrity": "sha512-RdJUflcE3cUzKiMqQgsCu06FPu9UdIJO0beYbPhHN4k6apgJtifcoCtT9bcxOpYBtpD2kCM6Sbzg4CausW/PKQ==",
      "dev": true,
      "license": "MIT"
    },
    "node_modules/loose-envify": {
      "version": "1.4.0",
      "resolved": "https://registry.npmjs.org/loose-envify/-/loose-envify-1.4.0.tgz",
      "integrity": "sha512-lyuxPGr/Wfhrlem2CL/UcnUc1zcqKAImBDzukY7Y5F/yQiNdko6+fRLevlw1HgMySw7f611UIY408EtxRSoK3Q==",
      "dev": true,
      "license": "MIT",
      "dependencies": {
        "js-tokens": "^3.0.0 || ^4.0.0"
      },
      "bin": {
        "loose-envify": "cli.js"
      }
    },
    "node_modules/react": {
      "version": "18.3.1",
      "resolved": "https://registry.npmjs.org/react/-/react-18.3.1.tgz",
      "integrity": "sha512-wS+hAgJShR0KhEvPJArfuPVN1+Hz1t0Y6n5jLrGQbkb4urgPE/0Rve+1kMB1v/oWgHgm4WIcV+i7F2pTVj+2iQ==",
      "dev": true,
      "license": "MIT",
      "dependencies": {
        "loose-envify": "^1.1.0"
      },
      "engines": {
        "node": ">=0.10.0"
      }
    },
    "node_modules/react-dom": {
      "version": "18.3.1",
      "resolved": "https://registry.npmjs.org/react-dom/-/react-dom-18.3.1.tgz",
      "integrity": "sha512-5m4nQKp+rZRb09LNH59GM4BxTh9251/ylbKIbpe7TpGxfJ+9kv6BLkLBXIjjspbgbnIBNqlI23tRnTWT0snUIw==",
      "dev": true,
      "license": "MIT",
      "dependencies": {
        "loose-envify": "^1.1.0",
        "scheduler": "^0.23.2"
      },
      "peerDependencies": {
        "react": "^18.3.1"
      }
    },
    "node_modules/scheduler": {
      "version": "0.23.2",
      "resolved": "https://registry.npmjs.org/scheduler/-/scheduler-0.23.2.tgz",
      "integrity": "sha512-UOShsPwz7NrMUqhR6t0hWjFduvOzbtv7toDH1/hIrfRNIDBnnBWd0CwJTGvTpngVlmwGCdP9/Zl/tVrDqcuYzQ==",
      "dev": true,
      "license": "MIT",
      "dependencies": {
        "loose-envify": "^1.1.0"
      }
    },
    "node_modules/zod": {
      "version": "4.6.5",
      "resolved": "https://registry.npmjs.org/zod/-/zod-4.6.5.tgz",
      "integrity": "sha512-v5l/aFXZQeai4awLbOpSoHecE9UiMrnfx75tEXLjNonXVARxQ5mOeipTjROUchszUNCqnE+hqAMujRsRHsut2Q==",
      "dev": true,
      "license": "MIT",
      "funding": {
        "url": "https://github.com/sponsors/colinhacks"
      }
    }
  }
}
